
Microsoft Visual Studio Solution File, Format Version 12.00
# Visual Studio 15
VisualStudioVersion = 15.0.28010.2016
MinimumVisualStudioVersion = 10.0.40219.1
Project("{FAE04EC0-301F-11D3-BF4B-00C04F79EFBC}") = "HaBot", "HaBot.csproj", "{9BB8A5EB-26F2-4EA6-9EE8-41811090B25E}"
EndProject
Global
	GlobalSection(SolutionConfigurationPlatforms) = preSolution
		Debug|Any CPU = Debug|Any CPU
		Release|Any CPU = Release|Any CPU
	EndGlobalSection
	GlobalSection(ProjectConfigurationPlatforms) = postSolution
		{9BB8A5EB-26F2-4EA6-9EE8-41811090B25E}.Debug|Any CPU.ActiveCfg = Debug|Any CPU
		{9BB8A5EB-26F2-4EA6-9EE8-41811090B25E}.Debug|Any CPU.Build.0 = Debug|Any CPU
		{9BB8A5EB-26F2-4EA6-9EE8-41811090B25E}.Release|Any CPU.ActiveCfg = Release|Any CPU
		{9BB8A5EB-26F2-4EA6-9EE8-41811090B25E}.Release|Any CPU.Build.0 = Release|Any CPU
	EndGlobalSection
	GlobalSection(SolutionProperties) = preSolution
		HideSolutionNode = FALSE
	EndGlobalSection
	GlobalSection(ExtensibilityGlobals) = postSolution
		SolutionGuid = {D7C2D67E-6C49-4EF9-906F-4FC341D7A32D}
	EndGlobalSection
EndGlobal
